// !$*UTF8*$!
{
	archiveVersion = 1;
	classes = {
	};
	objectVersion = 46;
	objects = {

/* Begin PBXBuildFile section */
		3D9D6A4D1EA3E36C00ABCDC2 /* AppDelegate.swift in Sources */ = {isa = PBXBuildFile; fileRef = 3D9D6A4C1EA3E36C00ABCDC2 /* AppDelegate.swift */; };
		3D9D6A4F1EA3E36C00ABCDC2 /* ViewController.swift in Sources */ = {isa = PBXBuildFile; fileRef = 3D9D6A4E1EA3E36C00ABCDC2 /* ViewController.swift */; };
		3D9D6A521EA3E36C00ABCDC2 /* Main.storyboard in Resources */ = {isa = PBXBuildFile; fileRef = 3D9D6A501EA3E36C00ABCDC2 /* Main.storyboard */; };
		3D9D6A541EA3E36C00ABCDC2 /* Assets.xcassets in Resources */ = {isa = PBXBuildFile; fileRef = 3D9D6A531EA3E36C00ABCDC2 /* Assets.xcassets */; };
		3D9D6A571EA3E36C00ABCDC2 /* LaunchScreen.storyboard in Resources */ = {isa = PBXBuildFile; fileRef = 3D9D6A551EA3E36C00ABCDC2 /* LaunchScreen.storyboard */; };
		3D9D6A631EA3F6C400ABCDC2 /* burp.mp3 in Resources */ = {isa = PBXBuildFile; fileRef = 3D9D6A621EA3F6C400ABCDC2 /* burp.mp3 */; };
		3D9D6A6B1EA3F71800ABCDC2 /* ambience.mp3 in Resources */ = {isa = PBXBuildFile; fileRef = 3D9D6A641EA3F71800ABCDC2 /* ambience.mp3 */; };
		3D9D6A6D1EA3F71800ABCDC2 /* cheering.mp3 in Resources */ = {isa = PBXBuildFile; fileRef = 3D9D6A661EA3F71800ABCDC2 /* cheering.mp3 */; };
		3D9D6A6E1EA3F71800ABCDC2 /* choking.mp3 in Resources */ = {isa = PBXBuildFile; fileRef = 3D9D6A671EA3F71800ABCDC2 /* choking.mp3 */; };
		3D9D6A6F1EA3F71800ABCDC2 /* crowd.mp3 in Resources */ = {isa = PBXBuildFile; fileRef = 3D9D6A681EA3F71800ABCDC2 /* crowd.mp3 */; };
		3D9D6A701EA3F71800ABCDC2 /* cry.mp3 in Resources */ = {isa = PBXBuildFile; fileRef = 3D9D6A691EA3F71800ABCDC2 /* cry.mp3 */; };
		3D9D6A711EA3F71800ABCDC2 /* gasp.mp3 in Resources */ = {isa = PBXBuildFile; fileRef = 3D9D6A6A1EA3F71800ABCDC2 /* gasp.mp3 */; };
/* End PBXBuildFile section */

/* Begin PBXFileReference section */
		3D9D6A491EA3E36C00ABCDC2 /* shaker.app */ = {isa = PBXFileReference; explicitFileType = wrapper.application; includeInIndex = 0; path = shaker.app; sourceTree = BUILT_PRODUCTS_DIR; };
		3D9D6A4C1EA3E36C00ABCDC2 /* AppDelegate.swift */ = {isa = PBXFileReference; lastKnownFileType = sourcecode.swift; path = AppDelegate.swift; sourceTree = "<group>"; };
		3D9D6A4E1EA3E36C00ABCDC2 /* ViewController.swift */ = {isa = PBXFileReference; lastKnownFileType = sourcecode.swift; path = ViewController.swift; sourceTree = "<group>"; };
		3D9D6A511EA3E36C00ABCDC2 /* Base */ = {isa = PBXFileReference; lastKnownFileType = file.storyboard; name = Base; path = Base.lproj/Main.storyboard; sourceTree = "<group>"; };
		3D9D6A531EA3E36C00ABCDC2 /* Assets.xcassets */ = {isa = PBXFileReference; lastKnownFileType = folder.assetcatalog; path = Assets.xcassets; sourceTree = "<group>"; };
		3D9D6A561EA3E36C00ABCDC2 /* Base */ = {isa = PBXFileReference; lastKnownFileType = file.storyboard; name = Base; path = Base.lproj/LaunchScreen.storyboard; sourceTree = "<group>"; };
		3D9D6A581EA3E36C00ABCDC2 /* Info.plist */ = {isa = PBXFileReference; lastKnownFileType = text.plist.xml; path = Info.plist; sourceTree = "<group>"; };
		3D9D6A621EA3F6C400ABCDC2 /* burp.mp3 */ = {isa = PBXFileReference; lastKnownFileType = audio.mp3; name = burp.mp3; path = sounds/burp.mp3; sourceTree = "<group>"; };
		3D9D6A641EA3F71800ABCDC2 /* ambience.mp3 */ = {isa = PBXFileReference; lastKnownFileType = audio.mp3; name = ambience.mp3; path = sounds/ambience.mp3; sourceTree = "<group>"; };
		3D9D6A661EA3F71800ABCDC2 /* cheering.mp3 */ = {isa = PBXFileReference; lastKnownFileType = audio.mp3; name = cheering.mp3; path = sounds/cheering.mp3; sourceTree = "<group>"; };
		3D9D6A671EA3F71800ABCDC2 /* choking.mp3 */ = {isa = PBXFileReference; lastKnownFileType = audio.mp3; name = choking.mp3; path = sounds/choking.mp3; sourceTree = "<group>"; };
		3D9D6A681EA3F71800ABCDC2 /* crowd.mp3 */ = {isa = PBXFileReference; lastKnownFileType = audio.mp3; name = crowd.mp3; path = sounds/crowd.mp3; sourceTree = "<group>"; };
		3D9D6A691EA3F71800ABCDC2 /* cry.mp3 */ = {isa = PBXFileReference; lastKnownFileType = audio.mp3; name = cry.mp3; path = sounds/cry.mp3; sourceTree = "<group>"; };
		3D9D6A6A1EA3F71800ABCDC2 /* gasp.mp3 */ = {isa = PBXFileReference; lastKnownFileType = audio.mp3; name = gasp.mp3; path = sounds/gasp.mp3; sourceTree = "<group>"; };
/* End PBXFileReference section */

/* Begin PBXFrameworksBuildPhase section */
		3D9D6A461EA3E36C00ABCDC2 /* Frameworks */ = {
			isa = PBXFrameworksBuildPhase;
			buildActionMask = 2147483647;
			files = (
			);
			runOnlyForDeploymentPostprocessing = 0;
		};
/* End PBXFrameworksBuildPhase section */

/* Begin PBXGroup section */
		3D9D6A401EA3E36C00ABCDC2 = {
			isa = PBXGroup;
			children = (
				3D9D6A4B1EA3E36C00ABCDC2 /* shaker */,
				3D9D6A4A1EA3E36C00ABCDC2 /* Products */,
			);
			sourceTree = "<group>";
		};
		3D9D6A4A1EA3E36C00ABCDC2 /* Products */ = {
			isa = PBXGroup;
			children = (
				3D9D6A491EA3E36C00ABCDC2 /* shaker.app */,
			);
			name = Products;
			sourceTree = "<group>";
		};
		3D9D6A4B1EA3E36C00ABCDC2 /* shaker */ = {
			isa = PBXGroup;
			children = (
				3D9D6A4C1EA3E36C00ABCDC2 /* AppDelegate.swift */,
				3D9D6A4E1EA3E36C00ABCDC2 /* ViewController.swift */,
				3D9D6A501EA3E36C00ABCDC2 /* Main.storyboard */,
				3D9D6A621EA3F6C400ABCDC2 /* burp.mp3 */,
				3D9D6A641EA3F71800ABCDC2 /* ambience.mp3 */,
				3D9D6A661EA3F71800ABCDC2 /* cheering.mp3 */,
				3D9D6A671EA3F71800ABCDC2 /* choking.mp3 */,
				3D9D6A681EA3F71800ABCDC2 /* crowd.mp3 */,
				3D9D6A691EA3F71800ABCDC2 /* cry.mp3 */,
				3D9D6A6A1EA3F71800ABCDC2 /* gasp.mp3 */,
				3D9D6A531EA3E36C00ABCDC2 /* Assets.xcassets */,
				3D9D6A551EA3E36C00ABCDC2 /* LaunchScreen.storyboard */,
				3D9D6A581EA3E36C00ABCDC2 /* Info.plist */,
			);
			path = shaker;
			sourceTree = "<group>";
		};
/* End PBXGroup section */

/* Begin PBXNativeTarget section */
		3D9D6A481EA3E36C00ABCDC2 /* shaker */ = {
			isa = PBXNativeTarget;
			buildConfigurationList = 3D9D6A5B1EA3E36C00ABCDC2 /* Build configuration list for PBXNativeTarget "shaker" */;
			buildPhases = (
				3D9D6A451EA3E36C00ABCDC2 /* Sources */,
				3D9D6A461EA3E36C00ABCDC2 /* Frameworks */,
				3D9D6A471EA3E36C00ABCDC2 /* Resources */,
			);
			buildRules = (
			);
			dependencies = (
			);
			name = shaker;
			productName = shaker;
			productReference = 3D9D6A491EA3E36C00ABCDC2 /* shaker.app */;
			productType = "com.apple.product-type.application";
		};
/* End PBXNativeTarget section */

/* Begin PBXProject section */
		3D9D6A411EA3E36C00ABCDC2 /* Project object */ = {
			isa = PBXProject;
			attributes = {
				LastSwiftUpdateCheck = 0830;
				LastUpgradeCheck = 0830;
				ORGANIZATIONNAME = "West Kraemer";
				TargetAttributes = {
					3D9D6A481EA3E36C00ABCDC2 = {
						CreatedOnToolsVersion = 8.3.1;
						ProvisioningStyle = Automatic;
					};
				};
			};
			buildConfigurationList = 3D9D6A441EA3E36C00ABCDC2 /* Build configuration list for PBXProject "shaker" */;
			compatibilityVersion = "Xcode 3.2";
			developmentRegion = English;
			hasScannedForEncodings = 0;
			knownRegions = (
				en,
				Base,
			);
			mainGroup = 3D9D6A401EA3E36C00ABCDC2;
			productRefGroup = 3D9D6A4A1EA3E36C00ABCDC2 /* Products */;
			projectDirPath = "";
			projectRoot = "";
			targets = (
				3D9D6A481EA3E36C00ABCDC2 /* shaker */,
			);
		};
/* End PBXProject section */

/* Begin PBXResourcesBuildPhase section */
		3D9D6A471EA3E36C00ABCDC2 /* Resources */ = {
			isa = PBXResourcesBuildPhase;
			buildActionMask = 2147483647;
			files = (
				3D9D6A6F1EA3F71800ABCDC2 /* crowd.mp3 in Resources */,
				3D9D6A571EA3E36C00ABCDC2 /* LaunchScreen.storyboard in Resources */,
				3D9D6A631EA3F6C400ABCDC2 /* burp.mp3 in Resources */,
				3D9D6A6E1EA3F71800ABCDC2 /* choking.mp3 in Resources */,
				3D9D6A541EA3E36C00ABCDC2 /* Assets.xcassets in Resources */,
				3D9D6A711EA3F71800ABCDC2 /* gasp.mp3 in Resources */,
				3D9D6A701EA3F71800ABCDC2 /* cry.mp3 in Resources */,
				3D9D6A6B1EA3F71800ABCDC2 /* ambience.mp3 in Resources */,
				3D9D6A521EA3E36C00ABCDC2 /* Main.storyboard in Resources */,
				3D9D6A6D1EA3F71800ABCDC2 /* cheering.mp3 in Resources */,
			);
			runOnlyForDeploymentPostprocessing = 0;
		};
/* End PBXResourcesBuildPhase section */

/* Begin PBXSourcesBuildPhase section */
		3D9D6A451EA3E36C00ABCDC2 /* Sources */ = {
			isa = PBXSourcesBuildPhase;
			buildActionMask = 2147483647;
			files = (
				3D9D6A4F1EA3E36C00ABCDC2 /* ViewController.swift in Sources */,
				3D9D6A4D1EA3E36C00ABCDC2 /* AppDelegate.swift in Sources */,
			);
			runOnlyForDeploymentPostprocessing = 0;
		};
/* End PBXSourcesBuildPhase section */

/* Begin PBXVariantGroup section */
		3D9D6A501EA3E36C00ABCDC2 /* Main.storyboard */ = {
			isa = PBXVariantGroup;
			children = (
				3D9D6A511EA3E36C00ABCDC2 /* Base */,
			);
			name = Main.storyboard;
			sourceTree = "<group>";
		};
		3D9D6A551EA3E36C00ABCDC2 /* LaunchScreen.storyboard */ = {
			isa = PBXVariantGroup;
			children = (
				3D9D6A561EA3E36C00ABCDC2 /* Base */,
			);
			name = LaunchScreen.storyboard;
			sourceTree = "<group>";
		};
/* End PBXVariantGroup section */

/* Begin XCBuildConfiguration section */
		3D9D6A591EA3E36C00ABCDC2 /* Debug */ = {
			isa = XCBuildConfiguration;
			buildSettings = {
				ALWAYS_SEARCH_USER_PATHS = NO;
				CLANG_ANALYZER_NONNULL = YES;
				CLANG_ANALYZER_NUMBER_OBJECT_CONVERSION = YES_AGGRESSIVE;
				CLANG_CXX_LANGUAGE_STANDARD = "gnu++0x";
				CLANG_CXX_LIBRARY = "libc++";
				CLANG_ENABLE_MODULES = YES;
				CLANG_ENABLE_OBJC_ARC = YES;
				CLANG_WARN_BOOL_CONVERSION = YES;
				CLANG_WARN_CONSTANT_CONVERSION = YES;
				CLANG_WARN_DIRECT_OBJC_ISA_USAGE = YES_ERROR;
				CLANG_WARN_DOCUMENTATION_COMMENTS = YES;
				CLANG_WARN_EMPTY_BODY = YES;
				CLANG_WARN_ENUM_CONVERSION = YES;
				CLANG_WARN_INFINITE_RECURSION = YES;
				CLANG_WARN_INT_CONVERSION = YES;
				CLANG_WARN_OBJC_ROOT_CLASS = YES_ERROR;
				CLANG_WARN_SUSPICIOUS_MOVE = YES;
				CLANG_WARN_UNREACHABLE_CODE = YES;
				CLANG_WARN__DUPLICATE_METHOD_MATCH = YES;
				"CODE_SIGN_IDENTITY[sdk=iphoneos*]" = "iPhone Developer";
				COPY_PHASE_STRIP = NO;
				DEBUG_INFORMATION_FORMAT = dwarf;
				ENABLE_STRICT_OBJC_MSGSEND = YES;
				ENABLE_TESTABILITY = YES;
				GCC_C_LANGUAGE_STANDARD = gnu99;
				GCC_DYNAMIC_NO_PIC = NO;
				GCC_NO_COMMON_BLOCKS = YES;
				GCC_OPTIMIZATION_LEVEL = 0;
				GCC_PREPROCESSOR_DEFINITIONS = (
					"DEBUG=1",
					"$(inherited)",
				);
				GCC_WARN_64_TO_32_BIT_CONVERSION = YES;
				GCC_WARN_ABOUT_RETURN_TYPE = YES_ERROR;
				GCC_WARN_UNDECLARED_SELECTOR = YES;
				GCC_WARN_UNINITIALIZED_AUTOS = YES_AGGRESSIVE;
				GCC_WARN_UNUSED_FUNCTION = YES;
				GCC_WARN_UNUSED_VARIABLE = YES;
				IPHONEOS_DEPLOYMENT_TARGET = 10.3;
				MTL_ENABLE_DEBUG_INFO = YES;
				ONLY_ACTIVE_ARCH = YES;
				SDKROOT = iphoneos;
				SWIFT_ACTIVE_COMPILATION_CONDITIONS = DEBUG;
				SWIFT_OPTIMIZATION_LEVEL = "-Onone";
			};
			name = Debug;
		};
		3D9D6A5A1EA3E36C00ABCDC2 /* Release */ = {
			isa = XCBuildConfiguration;
			buildSettings = {
				ALWAYS_SEARCH_USER_PATHS = NO;
				CLANG_ANALYZER_NONNULL = YES;
				CLANG_ANALYZER_NUMBER_OBJECT_CONVERSION = YES_AGGRESSIVE;
				CLANG_CXX_LANGUAGE_STANDARD = "gnu++0x";
				CLANG_CXX_LIBRARY = "libc++";
				CLANG_ENABLE_MODULES = YES;
				CLANG_ENABLE_OBJC_ARC = YES;
				CLANG_WARN_BOOL_CONVERSION = YES;
				CLANG_WARN_CONSTANT_CONVERSION = YES;
				CLANG_WARN_DIRECT_OBJC_ISA_USAGE = YES_ERROR;
				CLANG_WARN_DOCUMENTATION_COMMENTS = YES;
				CLANG_WARN_EMPTY_BODY = YES;
				CLANG_WARN_ENUM_CONVERSION = YES;
				CLANG_WARN_INFINITE_RECURSION = YES;
				CLANG_WARN_INT_CONVERSION = YES;
				CLANG_WARN_OBJC_ROOT_CLASS = YES_ERROR;
				CLANG_WARN_SUSPICIOUS_MOVE = YES;
				CLANG_WARN_UNREACHABLE_CODE = YES;
				CLANG_WARN__DUPLICATE_METHOD_MATCH = YES;
				"CODE_SIGN_IDENTITY[sdk=iphoneos*]" = "iPhone Developer";
				COPY_PHASE_STRIP = NO;
				DEBUG_INFORMATION_FORMAT = "dwarf-with-dsym";
				ENABLE_NS_ASSERTIONS = NO;
				ENABLE_STRICT_OBJC_MSGSEND = YES;
				GCC_C_LANGUAGE_STANDARD = gnu99;
				GCC_NO_COMMON_BLOCKS = YES;
				GCC_WARN_64_TO_32_BIT_CONVERSION = YES;
				GCC_WARN_ABOUT_RETURN_TYPE = YES_ERROR;
				GCC_WARN_UNDECLARED_SELECTOR = YES;
				GCC_WARN_UNINITIALIZED_AUTOS = YES_AGGRESSIVE;
				GCC_WARN_UNUSED_FUNCTION = YES;
				GCC_WARN_UNUSED_VARIABLE = YES;
				IPHONEOS_DEPLOYMENT_TARGET = 10.3;
				MTL_ENABLE_DEBUG_INFO = NO;
				SDKROOT = iphoneos;
				SWIFT_OPTIMIZATION_LEVEL = "-Owholemodule";
				VALIDATE_PRODUCT = YES;
			};
			name = Release;
		};
		3D9D6A5C1EA3E36C00ABCDC2 /* Debug */ = {
			isa = XCBuildConfiguration;
			buildSettings = {
				ASSETCATALOG_COMPILER_APPICON_NAME = AppIcon;
				INFOPLIST_FILE = shaker/Info.plist;
				LD_RUNPATH_SEARCH_PATHS = "$(inherited) @executable_path/Frameworks";
				PRODUCT_BUNDLE_IDENTIFIER = com.example.shaker;
				PRODUCT_NAME = "$(TARGET_NAME)";
				SWIFT_VERSION = 3.0;
			};
			name = Debug;
		};
		3D9D6A5D1EA3E36C00ABCDC2 /* Release */ = {
			isa = XCBuildConfiguration;
			buildSettings = {
				ASSETCATALOG_COMPILER_APPICON_NAME = AppIcon;
				INFOPLIST_FILE = shaker/Info.plist;
				LD_RUNPATH_SEARCH_PATHS = "$(inherited) @executable_path/Frameworks";
				PRODUCT_BUNDLE_IDENTIFIER = com.example.shaker;
				PRODUCT_NAME = "$(TARGET_NAME)";
				SWIFT_VERSION = 3.0;
			};
			name = Release;
		};
/* End XCBuildConfiguration section */

/* Begin XCConfigurationList section */
		3D9D6A441EA3E36C00ABCDC2 /* Build configuration list for PBXProject "shaker" */ = {
			isa = XCConfigurationList;
			buildConfigurations = (
				3D9D6A591EA3E36C00ABCDC2 /* Debug */,
				3D9D6A5A1EA3E36C00ABCDC2 /* Release */,
			);
			defaultConfigurationIsVisible = 0;
			defaultConfigurationName = Release;
		};
		3D9D6A5B1EA3E36C00ABCDC2 /* Build configuration list for PBXNativeTarget "shaker" */ = {
			isa = XCConfigurationList;
			buildConfigurations = (
				3D9D6A5C1EA3E36C00ABCDC2 /* Debug */,
				3D9D6A5D1EA3E36C00ABCDC2 /* Release */,
			);
			defaultConfigurationIsVisible = 0;
		};
/* End XCConfigurationList section */
	};
	rootObject = 3D9D6A411EA3E36C00ABCDC2 /* Project object */;
}
